
Microsoft Visual Studio Solution File, Format Version 12.00
# Visual Studio Version 17
VisualStudioVersion = 17.9.34616.47
MinimumVisualStudioVersion = 10.0.40219.1
Project("{9A19103F-16F7-4668-BE54-9A1E7A4F7556}") = "WebApplication1", "WebApplication1.csproj", "{7F33712B-7E86-49AE-9DAA-1B74C8280EBD}"
EndProject
Global
	GlobalSection(SolutionConfigurationPlatforms) = preSolution
		Debug|Any CPU = Debug|Any CPU
		Release|Any CPU = Release|Any CPU
	EndGlobalSection
	GlobalSection(ProjectConfigurationPlatforms) = postSolution
		{7F33712B-7E86-49AE-9DAA-1B74C8280EBD}.Debug|Any CPU.ActiveCfg = Debug|Any CPU
		{7F33712B-7E86-49AE-9DAA-1B74C8280EBD}.Debug|Any CPU.Build.0 = Debug|Any CPU
		{7F33712B-7E86-49AE-9DAA-1B74C8280EBD}.Release|Any CPU.ActiveCfg = Release|Any CPU
		{7F33712B-7E86-49AE-9DAA-1B74C8280EBD}.Release|Any CPU.Build.0 = Release|Any CPU
	EndGlobalSection
	GlobalSection(SolutionProperties) = preSolution
		HideSolutionNode = FALSE
	EndGlobalSection
	GlobalSection(ExtensibilityGlobals) = postSolution
		SolutionGuid = {638B3821-ACE9-4299-83A6-7B3FEA731D65}
	EndGlobalSection
EndGlobal
